// !$*UTF8*$!
{
	archiveVersion = 1;
	classes = {
	};
	objectVersion = 77;
	objects = {

/* Begin PBXBuildFile section */
		005AA5F52F7B62320013DB45 /* FitDataProtocol in Frameworks */ = {isa = PBXBuildFile; productRef = AABB00022F56648D004200FC /* FitDataProtocol */; };
		005AA79A2F7B73A70013DB45 /* RevenueCat in Frameworks */ = {isa = PBXBuildFile; productRef = 005AA7992F7B73A70013DB45 /* RevenueCat */; };
		005AA79C2F7B73A70013DB45 /* RevenueCatUI in Frameworks */ = {isa = PBXBuildFile; productRef = 005AA79B2F7B73A70013DB45 /* RevenueCatUI */; };
		0B1A00092F56648D004200FC /* MangoxLiveActivityExtension.appex in Embed Foundation Extensions */ = {isa = PBXBuildFile; fileRef = 0B1A00012F56648D004200FC /* MangoxLiveActivityExtension.appex */; settings = {ATTRIBUTES = (RemoveHeadersOnCopy, ); }; };
/* End PBXBuildFile section */

/* Begin PBXContainerItemProxy section */
		000345262F56648D004200FC /* PBXContainerItemProxy */ = {
			isa = PBXContainerItemProxy;
			containerPortal = 0003450E2F56648C004200FC /* Project object */;
			proxyType = 1;
			remoteGlobalIDString = 000345152F56648C004200FC;
			remoteInfo = Mangox;
		};
		000345302F56648D004200FC /* PBXContainerItemProxy */ = {
			isa = PBXContainerItemProxy;
			containerPortal = 0003450E2F56648C004200FC /* Project object */;
			proxyType = 1;
			remoteGlobalIDString = 000345152F56648C004200FC;
			remoteInfo = Mangox;
		};
		0B1A000A2F56648D004200FC /* PBXContainerItemProxy */ = {
			isa = PBXContainerItemProxy;
			containerPortal = 0003450E2F56648C004200FC /* Project object */;
			proxyType = 1;
			remoteGlobalIDString = 0B1A00042F56648D004200FC;
			remoteInfo = MangoxLiveActivityExtension;
		};
/* End PBXContainerItemProxy section */

/* Begin PBXCopyFilesBuildPhase section */
		0B1A00082F56648D004200FC /* Embed Foundation Extensions */ = {
			isa = PBXCopyFilesBuildPhase;
			buildActionMask = 2147483647;
			dstPath = "";
			dstSubfolderSpec = 13;
			files = (
				0B1A00092F56648D004200FC /* MangoxLiveActivityExtension.appex in Embed Foundation Extensions */,
			);
			name = "Embed Foundation Extensions";
			runOnlyForDeploymentPostprocessing = 0;
		};
/* End PBXCopyFilesBuildPhase section */

/* Begin PBXFileReference section */
		000345162F56648C004200FC /* Mangox.app */ = {isa = PBXFileReference; explicitFileType = wrapper.application; includeInIndex = 0; path = Mangox.app; sourceTree = BUILT_PRODUCTS_DIR; };
		000345252F56648D004200FC /* MangoxTests.xctest */ = {isa = PBXFileReference; explicitFileType = wrapper.cfbundle; includeInIndex = 0; path = MangoxTests.xctest; sourceTree = BUILT_PRODUCTS_DIR; };
		0003452F2F56648D004200FC /* MangoxUITests.xctest */ = {isa = PBXFileReference; explicitFileType = wrapper.cfbundle; includeInIndex = 0; path = MangoxUITests.xctest; sourceTree = BUILT_PRODUCTS_DIR; };
		0B1A00012F56648D004200FC /* MangoxLiveActivityExtension.appex */ = {isa = PBXFileReference; explicitFileType = "wrapper.app-extension"; includeInIndex = 0; path = MangoxLiveActivityExtension.appex; sourceTree = BUILT_PRODUCTS_DIR; };
/* End PBXFileReference section */

/* Begin PBXFileSystemSynchronizedBuildFileExceptionSet section */
		000348CA2F569891004200FC /* Exceptions for "Mangox" folder in "Mangox" target */ = {
			isa = PBXFileSystemSynchronizedBuildFileExceptionSet;
			membershipExceptions = (
				Info.plist,
			);
			target = 000345152F56648C004200FC /* Mangox */;
		};
		0B1A00032F56648D004200FC /* Exceptions for "MangoxLiveActivityExtension" folder in "MangoxLiveActivityExtension" target */ = {
			isa = PBXFileSystemSynchronizedBuildFileExceptionSet;
			membershipExceptions = (
				Info.plist,
			);
			target = 0B1A00042F56648D004200FC /* MangoxLiveActivityExtension */;
		};
/* End PBXFileSystemSynchronizedBuildFileExceptionSet section */

/* Begin PBXFileSystemSynchronizedRootGroup section */
		000345182F56648C004200FC /* Mangox */ = {
			isa = PBXFileSystemSynchronizedRootGroup;
			exceptions = (
				000348CA2F569891004200FC /* Exceptions for "Mangox" folder in "Mangox" target */,
			);
			path = Mangox;
			sourceTree = "<group>";
		};
		000345282F56648D004200FC /* MangoxTests */ = {
			isa = PBXFileSystemSynchronizedRootGroup;
			path = MangoxTests;
			sourceTree = "<group>";
		};
		000345322F56648D004200FC /* MangoxUITests */ = {
			isa = PBXFileSystemSynchronizedRootGroup;
			path = MangoxUITests;
			sourceTree = "<group>";
		};
		0B1A00022F56648D004200FC /* MangoxLiveActivityExtension */ = {
			isa = PBXFileSystemSynchronizedRootGroup;
			exceptions = (
				0B1A00032F56648D004200FC /* Exceptions for "MangoxLiveActivityExtension" folder in "MangoxLiveActivityExtension" target */,
			);
			path = MangoxLiveActivityExtension;
			sourceTree = "<group>";
		};
/* End PBXFileSystemSynchronizedRootGroup section */

/* Begin PBXFrameworksBuildPhase section */
		000345132F56648C004200FC /* Frameworks */ = {
			isa = PBXFrameworksBuildPhase;
			buildActionMask = 2147483647;
			files = (
				005AA79A2F7B73A70013DB45 /* RevenueCat in Frameworks */,
				005AA5F52F7B62320013DB45 /* FitDataProtocol in Frameworks */,
				005AA79C2F7B73A70013DB45 /* RevenueCatUI in Frameworks */,
			);
			runOnlyForDeploymentPostprocessing = 0;
		};
		000345222F56648D004200FC /* Frameworks */ = {
			isa = PBXFrameworksBuildPhase;
			buildActionMask = 2147483647;
			files = (
			);
			runOnlyForDeploymentPostprocessing = 0;
		};
		0003452C2F56648D004200FC /* Frameworks */ = {
			isa = PBXFrameworksBuildPhase;
			buildActionMask = 2147483647;
			files = (
			);
			runOnlyForDeploymentPostprocessing = 0;
		};
		0B1A00062F56648D004200FC /* Frameworks */ = {
			isa = PBXFrameworksBuildPhase;
			buildActionMask = 2147483647;
			files = (
			);
			runOnlyForDeploymentPostprocessing = 0;
		};
/* End PBXFrameworksBuildPhase section */

/* Begin PBXGroup section */
		0003450D2F56648C004200FC = {
			isa = PBXGroup;
			children = (
				000345182F56648C004200FC /* Mangox */,
				0B1A00022F56648D004200FC /* MangoxLiveActivityExtension */,
				000345282F56648D004200FC /* MangoxTests */,
				000345322F56648D004200FC /* MangoxUITests */,
				000345172F56648C004200FC /* Products */,
			);
			sourceTree = "<group>";
		};
		000345172F56648C004200FC /* Products */ = {
			isa = PBXGroup;
			children = (
				000345162F56648C004200FC /* Mangox.app */,
				0B1A00012F56648D004200FC /* MangoxLiveActivityExtension.appex */,
				000345252F56648D004200FC /* MangoxTests.xctest */,
				0003452F2F56648D004200FC /* MangoxUITests.xctest */,
			);
			name = Products;
			sourceTree = "<group>";
		};
/* End PBXGroup section */

/* Begin PBXNativeTarget section */
		000345152F56648C004200FC /* Mangox */ = {
			isa = PBXNativeTarget;
			buildConfigurationList = 000345392F56648D004200FC /* Build configuration list for PBXNativeTarget "Mangox" */;
			buildPhases = (
				000345122F56648C004200FC /* Sources */,
				000345132F56648C004200FC /* Frameworks */,
				000345142F56648C004200FC /* Resources */,
				0B1A00082F56648D004200FC /* Embed Foundation Extensions */,
			);
			buildRules = (
			);
			dependencies = (
				0B1A000B2F56648D004200FC /* PBXTargetDependency */,
			);
			fileSystemSynchronizedGroups = (
				000345182F56648C004200FC /* Mangox */,
			);
			name = Mangox;
			packageProductDependencies = (
				AABB00022F56648D004200FC /* FitDataProtocol */,
				005AA7992F7B73A70013DB45 /* RevenueCat */,
				005AA79B2F7B73A70013DB45 /* RevenueCatUI */,
			);
			productName = Mangox;
			productReference = 000345162F56648C004200FC /* Mangox.app */;
			productType = "com.apple.product-type.application";
		};
		000345242F56648D004200FC /* MangoxTests */ = {
			isa = PBXNativeTarget;
			buildConfigurationList = 0003453C2F56648D004200FC /* Build configuration list for PBXNativeTarget "MangoxTests" */;
			buildPhases = (
				000345212F56648D004200FC /* Sources */,
				000345222F56648D004200FC /* Frameworks */,
				000345232F56648D004200FC /* Resources */,
			);
			buildRules = (
			);
			dependencies = (
				000345272F56648D004200FC /* PBXTargetDependency */,
			);
			fileSystemSynchronizedGroups = (
				000345282F56648D004200FC /* MangoxTests */,
			);
			name = MangoxTests;
			packageProductDependencies = (
			);
			productName = MangoxTests;
			productReference = 000345252F56648D004200FC /* MangoxTests.xctest */;
			productType = "com.apple.product-type.bundle.unit-test";
		};
		0003452E2F56648D004200FC /* MangoxUITests */ = {
			isa = PBXNativeTarget;
			buildConfigurationList = 0003453F2F56648D004200FC /* Build configuration list for PBXNativeTarget "MangoxUITests" */;
			buildPhases = (
				0003452B2F56648D004200FC /* Sources */,
				0003452C2F56648D004200FC /* Frameworks */,
				0003452D2F56648D004200FC /* Resources */,
			);
			buildRules = (
			);
			dependencies = (
				000345312F56648D004200FC /* PBXTargetDependency */,
			);
			fileSystemSynchronizedGroups = (
				000345322F56648D004200FC /* MangoxUITests */,
			);
			name = MangoxUITests;
			packageProductDependencies = (
			);
			productName = MangoxUITests;
			productReference = 0003452F2F56648D004200FC /* MangoxUITests.xctest */;
			productType = "com.apple.product-type.bundle.ui-testing";
		};
		0B1A00042F56648D004200FC /* MangoxLiveActivityExtension */ = {
			isa = PBXNativeTarget;
			buildConfigurationList = 0B1A000E2F56648D004200FC /* Build configuration list for PBXNativeTarget "MangoxLiveActivityExtension" */;
			buildPhases = (
				0B1A00052F56648D004200FC /* Sources */,
				0B1A00062F56648D004200FC /* Frameworks */,
				0B1A00072F56648D004200FC /* Resources */,
			);
			buildRules = (
			);
			dependencies = (
			);
			fileSystemSynchronizedGroups = (
				0B1A00022F56648D004200FC /* MangoxLiveActivityExtension */,
			);
			name = MangoxLiveActivityExtension;
			packageProductDependencies = (
			);
			productName = MangoxLiveActivityExtension;
			productReference = 0B1A00012F56648D004200FC /* MangoxLiveActivityExtension.appex */;
			productType = "com.apple.product-type.app-extension";
		};
/* End PBXNativeTarget section */

/* Begin PBXProject section */
		0003450E2F56648C004200FC /* Project object */ = {
			isa = PBXProject;
			attributes = {
				BuildIndependentTargetsInParallel = 1;
				LastSwiftUpdateCheck = 2630;
				LastUpgradeCheck = 2640;
				TargetAttributes = {
					000345152F56648C004200FC = {
						CreatedOnToolsVersion = 26.3;
					};
					000345242F56648D004200FC = {
						CreatedOnToolsVersion = 26.3;
						TestTargetID = 000345152F56648C004200FC;
					};
					0003452E2F56648D004200FC = {
						CreatedOnToolsVersion = 26.3;
						TestTargetID = 000345152F56648C004200FC;
					};
					0B1A00042F56648D004200FC = {
						CreatedOnToolsVersion = 26.3;
						DevelopmentTeam = M9592FTC8J;
					};
				};
			};
			buildConfigurationList = 000345112F56648C004200FC /* Build configuration list for PBXProject "Mangox" */;
			developmentRegion = en;
			hasScannedForEncodings = 0;
			knownRegions = (
				en,
				Base,
			);
			mainGroup = 0003450D2F56648C004200FC;
			minimizedProjectReferenceProxies = 1;
			packageReferences = (
				AABB00012F56648D004200FC /* XCRemoteSwiftPackageReference "FitDataProtocol" */,
				005AA7982F7B73A70013DB45 /* XCRemoteSwiftPackageReference "purchases-ios-spm" */,
			);
			preferredProjectObjectVersion = 77;
			productRefGroup = 000345172F56648C004200FC /* Products */;
			projectDirPath = "";
			projectRoot = "";
			targets = (
				000345152F56648C004200FC /* Mangox */,
				0B1A00042F56648D004200FC /* MangoxLiveActivityExtension */,
				000345242F56648D004200FC /* MangoxTests */,
				0003452E2F56648D004200FC /* MangoxUITests */,
			);
		};
/* End PBXProject section */

/* Begin PBXResourcesBuildPhase section */
		000345142F56648C004200FC /* Resources */ = {
			isa = PBXResourcesBuildPhase;
			buildActionMask = 2147483647;
			files = (
			);
			runOnlyForDeploymentPostprocessing = 0;
		};
		000345232F56648D004200FC /* Resources */ = {
			isa = PBXResourcesBuildPhase;
			buildActionMask = 2147483647;
			files = (
			);
			runOnlyForDeploymentPostprocessing = 0;
		};
		0003452D2F56648D004200FC /* Resources */ = {
			isa = PBXResourcesBuildPhase;
			buildActionMask = 2147483647;
			files = (
			);
			runOnlyForDeploymentPostprocessing = 0;
		};
		0B1A00072F56648D004200FC /* Resources */ = {
			isa = PBXResourcesBuildPhase;
			buildActionMask = 2147483647;
			files = (
			);
			runOnlyForDeploymentPostprocessing = 0;
		};
/* End PBXResourcesBuildPhase section */

/* Begin PBXSourcesBuildPhase section */
		000345122F56648C004200FC /* Sources */ = {
			isa = PBXSourcesBuildPhase;
			buildActionMask = 2147483647;
			files = (
			);
			runOnlyForDeploymentPostprocessing = 0;
		};
		000345212F56648D004200FC /* Sources */ = {
			isa = PBXSourcesBuildPhase;
			buildActionMask = 2147483647;
			files = (
			);
			runOnlyForDeploymentPostprocessing = 0;
		};
		0003452B2F56648D004200FC /* Sources */ = {
			isa = PBXSourcesBuildPhase;
			buildActionMask = 2147483647;
			files = (
			);
			runOnlyForDeploymentPostprocessing = 0;
		};
		0B1A00052F56648D004200FC /* Sources */ = {
			isa = PBXSourcesBuildPhase;
			buildActionMask = 2147483647;
			files = (
			);
			runOnlyForDeploymentPostprocessing = 0;
		};
/* End PBXSourcesBuildPhase section */

/* Begin PBXTargetDependency section */
		000345272F56648D004200FC /* PBXTargetDependency */ = {
			isa = PBXTargetDependency;
			target = 000345152F56648C004200FC /* Mangox */;
			targetProxy = 000345262F56648D004200FC /* PBXContainerItemProxy */;
		};
		000345312F56648D004200FC /* PBXTargetDependency */ = {
			isa = PBXTargetDependency;
			target = 000345152F56648C004200FC /* Mangox */;
			targetProxy = 000345302F56648D004200FC /* PBXContainerItemProxy */;
		};
		0B1A000B2F56648D004200FC /* PBXTargetDependency */ = {
			isa = PBXTargetDependency;
			target = 0B1A00042F56648D004200FC /* MangoxLiveActivityExtension */;
			targetProxy = 0B1A000A2F56648D004200FC /* PBXContainerItemProxy */;
		};
/* End PBXTargetDependency section */

/* Begin XCBuildConfiguration section */
		000345372F56648D004200FC /* Debug */ = {
			isa = XCBuildConfiguration;
			buildSettings = {
				ALWAYS_SEARCH_USER_PATHS = NO;
				ASSETCATALOG_COMPILER_GENERATE_SWIFT_ASSET_SYMBOL_EXTENSIONS = YES;
				CLANG_ANALYZER_NONNULL = YES;
				CLANG_ANALYZER_NUMBER_OBJECT_CONVERSION = YES_AGGRESSIVE;
				CLANG_CXX_LANGUAGE_STANDARD = "gnu++20";
				CLANG_ENABLE_MODULES = YES;
				CLANG_ENABLE_OBJC_ARC = YES;
				CLANG_ENABLE_OBJC_WEAK = YES;
				CLANG_WARN_BLOCK_CAPTURE_AUTORELEASING = YES;
				CLANG_WARN_BOOL_CONVERSION = YES;
				CLANG_WARN_COMMA = YES;
				CLANG_WARN_CONSTANT_CONVERSION = YES;
				CLANG_WARN_DEPRECATED_OBJC_IMPLEMENTATIONS = YES;
				CLANG_WARN_DIRECT_OBJC_ISA_USAGE = YES_ERROR;
				CLANG_WARN_DOCUMENTATION_COMMENTS = YES;
				CLANG_WARN_EMPTY_BODY = YES;
				CLANG_WARN_ENUM_CONVERSION = YES;
				CLANG_WARN_INFINITE_RECURSION = YES;
				CLANG_WARN_INT_CONVERSION = YES;
				CLANG_WARN_NON_LITERAL_NULL_CONVERSION = YES;
				CLANG_WARN_OBJC_IMPLICIT_RETAIN_SELF = YES;
				CLANG_WARN_OBJC_LITERAL_CONVERSION = YES;
				CLANG_WARN_OBJC_ROOT_CLASS = YES_ERROR;
				CLANG_WARN_QUOTED_INCLUDE_IN_FRAMEWORK_HEADER = YES;
				CLANG_WARN_RANGE_LOOP_ANALYSIS = YES;
				CLANG_WARN_STRICT_PROTOTYPES = YES;
				CLANG_WARN_SUSPICIOUS_MOVE = YES;
				CLANG_WARN_UNGUARDED_AVAILABILITY = YES_AGGRESSIVE;
				CLANG_WARN_UNREACHABLE_CODE = YES;
				CLANG_WARN__DUPLICATE_METHOD_MATCH = YES;
				COPY_PHASE_STRIP = NO;
				DEAD_CODE_STRIPPING = YES;
				DEBUG_INFORMATION_FORMAT = dwarf;
				DEVELOPMENT_TEAM = M9592FTC8J;
				ENABLE_STRICT_OBJC_MSGSEND = YES;
				ENABLE_TESTABILITY = YES;
				ENABLE_USER_SCRIPT_SANDBOXING = YES;
				GCC_C_LANGUAGE_STANDARD = gnu17;
				GCC_DYNAMIC_NO_PIC = NO;
				GCC_NO_COMMON_BLOCKS = YES;
				GCC_OPTIMIZATION_LEVEL = 0;
				GCC_PREPROCESSOR_DEFINITIONS = (
					"DEBUG=1",
					"$(inherited)",
				);
				GCC_WARN_64_TO_32_BIT_CONVERSION = YES;
				GCC_WARN_ABOUT_RETURN_TYPE = YES_ERROR;
				GCC_WARN_UNDECLARED_SELECTOR = YES;
				GCC_WARN_UNINITIALIZED_AUTOS = YES_AGGRESSIVE;
				GCC_WARN_UNUSED_FUNCTION = YES;
				GCC_WARN_UNUSED_VARIABLE = YES;
				LOCALIZATION_PREFERS_STRING_CATALOGS = YES;
				MTL_ENABLE_DEBUG_INFO = INCLUDE_SOURCE;
				MTL_FAST_MATH = YES;
				ONLY_ACTIVE_ARCH = YES;
				STRING_CATALOG_GENERATE_SYMBOLS = YES;
				SWIFT_ACTIVE_COMPILATION_CONDITIONS = "DEBUG $(inherited)";
				SWIFT_COMPILATION_MODE = incremental;
				SWIFT_OPTIMIZATION_LEVEL = "-Onone";
			};
			name = Debug;
		};
		000345382F56648D004200FC /* Release */ = {
			isa = XCBuildConfiguration;
			buildSettings = {
				ALWAYS_SEARCH_USER_PATHS = NO;
				ASSETCATALOG_COMPILER_GENERATE_SWIFT_ASSET_SYMBOL_EXTENSIONS = YES;
				CLANG_ANALYZER_NONNULL = YES;
				CLANG_ANALYZER_NUMBER_OBJECT_CONVERSION = YES_AGGRESSIVE;
				CLANG_CXX_LANGUAGE_STANDARD = "gnu++20";
				CLANG_ENABLE_MODULES = YES;
				CLANG_ENABLE_OBJC_ARC = YES;
				CLANG_ENABLE_OBJC_WEAK = YES;
				CLANG_WARN_BLOCK_CAPTURE_AUTORELEASING = YES;
				CLANG_WARN_BOOL_CONVERSION = YES;
				CLANG_WARN_COMMA = YES;
				CLANG_WARN_CONSTANT_CONVERSION = YES;
				CLANG_WARN_DEPRECATED_OBJC_IMPLEMENTATIONS = YES;
				CLANG_WARN_DIRECT_OBJC_ISA_USAGE = YES_ERROR;
				CLANG_WARN_DOCUMENTATION_COMMENTS = YES;
				CLANG_WARN_EMPTY_BODY = YES;
				CLANG_WARN_ENUM_CONVERSION = YES;
				CLANG_WARN_INFINITE_RECURSION = YES;
				CLANG_WARN_INT_CONVERSION = YES;
				CLANG_WARN_NON_LITERAL_NULL_CONVERSION = YES;
				CLANG_WARN_OBJC_IMPLICIT_RETAIN_SELF = YES;
				CLANG_WARN_OBJC_LITERAL_CONVERSION = YES;
				CLANG_WARN_OBJC_ROOT_CLASS = YES_ERROR;
				CLANG_WARN_QUOTED_INCLUDE_IN_FRAMEWORK_HEADER = YES;
				CLANG_WARN_RANGE_LOOP_ANALYSIS = YES;
				CLANG_WARN_STRICT_PROTOTYPES = YES;
				CLANG_WARN_SUSPICIOUS_MOVE = YES;
				CLANG_WARN_UNGUARDED_AVAILABILITY = YES_AGGRESSIVE;
				CLANG_WARN_UNREACHABLE_CODE = YES;
				CLANG_WARN__DUPLICATE_METHOD_MATCH = YES;
				COPY_PHASE_STRIP = NO;
				DEAD_CODE_STRIPPING = YES;
				DEBUG_INFORMATION_FORMAT = "dwarf-with-dsym";
				DEVELOPMENT_TEAM = M9592FTC8J;
				ENABLE_NS_ASSERTIONS = NO;
				ENABLE_STRICT_OBJC_MSGSEND = YES;
				ENABLE_USER_SCRIPT_SANDBOXING = YES;
				GCC_C_LANGUAGE_STANDARD = gnu17;
				GCC_NO_COMMON_BLOCKS = YES;
				GCC_WARN_64_TO_32_BIT_CONVERSION = YES;
				GCC_WARN_ABOUT_RETURN_TYPE = YES_ERROR;
				GCC_WARN_UNDECLARED_SELECTOR = YES;
				GCC_WARN_UNINITIALIZED_AUTOS = YES_AGGRESSIVE;
				GCC_WARN_UNUSED_FUNCTION = YES;
				GCC_WARN_UNUSED_VARIABLE = YES;
				LOCALIZATION_PREFERS_STRING_CATALOGS = YES;
				MTL_ENABLE_DEBUG_INFO = NO;
				MTL_FAST_MATH = YES;
				STRING_CATALOG_GENERATE_SYMBOLS = YES;
				SWIFT_COMPILATION_MODE = wholemodule;
			};
			name = Release;
		};
		0003453A2F56648D004200FC /* Debug */ = {
			isa = XCBuildConfiguration;
			buildSettings = {
				ASSETCATALOG_COMPILER_APPICON_NAME = AppIcon;
				ASSETCATALOG_COMPILER_GLOBAL_ACCENT_COLOR_NAME = AccentColor;
				CODE_SIGN_ENTITLEMENTS = Mangox/Mangox.entitlements;
				CODE_SIGN_STYLE = Automatic;
				CURRENT_PROJECT_VERSION = 1;
				DEAD_CODE_STRIPPING = YES;
				DEVELOPMENT_TEAM = M9592FTC8J;
				ENABLE_APP_SANDBOX = YES;
				ENABLE_HARDENED_RUNTIME = YES;
				ENABLE_PREVIEWS = YES;
				ENABLE_USER_SELECTED_FILES = readonly;
				EXTRACT_APP_INTENTS_METADATA = NO;
				FACEBOOK_APP_ID = 986008587288900;
				GENERATE_INFOPLIST_FILE = YES;
				INFOPLIST_FILE = Mangox/Info.plist;
				INFOPLIST_KEY_CFBundleURLTypes = "({CFBundleTypeRole=Editor;CFBundleURLName=$(PRODUCT_BUNDLE_IDENTIFIER).strava;CFBundleURLSchemes=(mangox);})";
				INFOPLIST_KEY_NSBluetoothAlwaysUsageDescription = "Mangox connects to your cycling trainer to display real-time power, cadence, and speed data.";
				INFOPLIST_KEY_NSHealthShareUsageDescription = "Mangox reads your resting heart rate and max heart rate to calculate accurate heart rate training zones.";
				INFOPLIST_KEY_NSHealthUpdateUsageDescription = "To setup correct measurements for training";
				INFOPLIST_KEY_STRAVA_CLIENT_ID = "$(STRAVA_CLIENT_ID)";
				INFOPLIST_KEY_STRAVA_CLIENT_SECRET = "$(STRAVA_CLIENT_SECRET)";
				INFOPLIST_KEY_STRAVA_REDIRECT_URI = "$(STRAVA_REDIRECT_URI)";
				"INFOPLIST_KEY_UIApplicationSceneManifest_Generation[sdk=iphoneos*]" = YES;
				"INFOPLIST_KEY_UIApplicationSceneManifest_Generation[sdk=iphonesimulator*]" = YES;
				"INFOPLIST_KEY_UIApplicationSupportsIndirectInputEvents[sdk=iphoneos*]" = YES;
				"INFOPLIST_KEY_UIApplicationSupportsIndirectInputEvents[sdk=iphonesimulator*]" = YES;
				INFOPLIST_KEY_UILaunchScreen_Generation = YES;
				"INFOPLIST_KEY_UILaunchScreen_Generation[sdk=iphoneos*]" = YES;
				"INFOPLIST_KEY_UILaunchScreen_Generation[sdk=iphonesimulator*]" = YES;
				"INFOPLIST_KEY_UIStatusBarStyle[sdk=iphoneos*]" = UIStatusBarStyleDefault;
				"INFOPLIST_KEY_UIStatusBarStyle[sdk=iphonesimulator*]" = UIStatusBarStyleDefault;
				INFOPLIST_KEY_UISupportedInterfaceOrientations_iPad = "UIInterfaceOrientationPortrait UIInterfaceOrientationPortraitUpsideDown UIInterfaceOrientationLandscapeLeft UIInterfaceOrientationLandscapeRight";
				INFOPLIST_KEY_UISupportedInterfaceOrientations_iPhone = "UIInterfaceOrientationPortrait UIInterfaceOrientationPortraitUpsideDown UIInterfaceOrientationLandscapeLeft UIInterfaceOrientationLandscapeRight";
				IPHONEOS_DEPLOYMENT_TARGET = 26.2;
				LD_RUNPATH_SEARCH_PATHS = "@executable_path/Frameworks";
				"LD_RUNPATH_SEARCH_PATHS[sdk=macosx*]" = "@executable_path/../Frameworks";
				MACOSX_DEPLOYMENT_TARGET = 26.2;
				MANGOX_COACH_STAFF_TIER = "";
				"MANGOX_COACH_STAFF_TIER[arch=*]" = superuser;
				MARKETING_VERSION = 1.0;
				PRODUCT_BUNDLE_IDENTIFIER = abchalita.Mangox;
				PRODUCT_NAME = "$(TARGET_NAME)";
				REGISTER_APP_GROUPS = YES;
				SDKROOT = auto;
				STRAVA_CLIENT_ID = 207587;
				STRAVA_CLIENT_SECRET = 4fa95bca1c95ebe0d0c5a5fde96305d018bfc99b;
				STRAVA_REDIRECT_URI = "mangox://localhost/strava-auth";
				STRING_CATALOG_GENERATE_SYMBOLS = YES;
				SUPPORTED_PLATFORMS = "iphoneos iphonesimulator macosx xros xrsimulator";
				SWIFT_APPROACHABLE_CONCURRENCY = YES;
				SWIFT_DEFAULT_ACTOR_ISOLATION = MainActor;
				SWIFT_EMIT_LOC_STRINGS = YES;
				SWIFT_UPCOMING_FEATURE_MEMBER_IMPORT_VISIBILITY = YES;
				SWIFT_VERSION = 5.0;
				TARGETED_DEVICE_FAMILY = "1,2,7";
				XROS_DEPLOYMENT_TARGET = 26.2;
			};
			name = Debug;
		};
		0003453B2F56648D004200FC /* Release */ = {
			isa = XCBuildConfiguration;
			buildSettings = {
				ASSETCATALOG_COMPILER_APPICON_NAME = AppIcon;
				ASSETCATALOG_COMPILER_GLOBAL_ACCENT_COLOR_NAME = AccentColor;
				CODE_SIGN_ENTITLEMENTS = Mangox/Mangox.entitlements;
				CODE_SIGN_STYLE = Automatic;
				CURRENT_PROJECT_VERSION = 1;
				DEAD_CODE_STRIPPING = YES;
				DEVELOPMENT_TEAM = M9592FTC8J;
				ENABLE_APP_SANDBOX = YES;
				ENABLE_HARDENED_RUNTIME = YES;
				ENABLE_PREVIEWS = YES;
				ENABLE_USER_SELECTED_FILES = readonly;
				EXTRACT_APP_INTENTS_METADATA = NO;
				FACEBOOK_APP_ID = 986008587288900;
				GENERATE_INFOPLIST_FILE = YES;
				INFOPLIST_FILE = Mangox/Info.plist;
				INFOPLIST_KEY_CFBundleURLTypes = "({CFBundleTypeRole=Editor;CFBundleURLName=$(PRODUCT_BUNDLE_IDENTIFIER).strava;CFBundleURLSchemes=(mangox);})";
				INFOPLIST_KEY_NSBluetoothAlwaysUsageDescription = "Mangox connects to your cycling trainer to display real-time power, cadence, and speed data.";
				INFOPLIST_KEY_NSHealthShareUsageDescription = "Mangox reads your resting heart rate and max heart rate to calculate accurate heart rate training zones.";
				INFOPLIST_KEY_NSHealthUpdateUsageDescription = "To setup correct measurements for training";
				INFOPLIST_KEY_STRAVA_CLIENT_ID = "$(STRAVA_CLIENT_ID)";
				INFOPLIST_KEY_STRAVA_CLIENT_SECRET = "$(STRAVA_CLIENT_SECRET)";
				INFOPLIST_KEY_STRAVA_REDIRECT_URI = "$(STRAVA_REDIRECT_URI)";
				"INFOPLIST_KEY_UIApplicationSceneManifest_Generation[sdk=iphoneos*]" = YES;
				"INFOPLIST_KEY_UIApplicationSceneManifest_Generation[sdk=iphonesimulator*]" = YES;
				"INFOPLIST_KEY_UIApplicationSupportsIndirectInputEvents[sdk=iphoneos*]" = YES;
				"INFOPLIST_KEY_UIApplicationSupportsIndirectInputEvents[sdk=iphonesimulator*]" = YES;
				INFOPLIST_KEY_UILaunchScreen_Generation = YES;
				"INFOPLIST_KEY_UILaunchScreen_Generation[sdk=iphoneos*]" = YES;
				"INFOPLIST_KEY_UILaunchScreen_Generation[sdk=iphonesimulator*]" = YES;
				"INFOPLIST_KEY_UIStatusBarStyle[sdk=iphoneos*]" = UIStatusBarStyleDefault;
				"INFOPLIST_KEY_UIStatusBarStyle[sdk=iphonesimulator*]" = UIStatusBarStyleDefault;
				INFOPLIST_KEY_UISupportedInterfaceOrientations_iPad = "UIInterfaceOrientationPortrait UIInterfaceOrientationPortraitUpsideDown UIInterfaceOrientationLandscapeLeft UIInterfaceOrientationLandscapeRight";
				INFOPLIST_KEY_UISupportedInterfaceOrientations_iPhone = "UIInterfaceOrientationPortrait UIInterfaceOrientationPortraitUpsideDown UIInterfaceOrientationLandscapeLeft UIInterfaceOrientationLandscapeRight";
				IPHONEOS_DEPLOYMENT_TARGET = 26.2;
				LD_RUNPATH_SEARCH_PATHS = "@executable_path/Frameworks";
				"LD_RUNPATH_SEARCH_PATHS[sdk=macosx*]" = "@executable_path/../Frameworks";
				MACOSX_DEPLOYMENT_TARGET = 26.2;
				MANGOX_COACH_STAFF_TIER = "";
				MARKETING_VERSION = 1.0;
				PRODUCT_BUNDLE_IDENTIFIER = abchalita.Mangox;
				PRODUCT_NAME = "$(TARGET_NAME)";
				REGISTER_APP_GROUPS = YES;
				SDKROOT = auto;
				STRAVA_CLIENT_ID = 207587;
				STRAVA_CLIENT_SECRET = 4fa95bca1c95ebe0d0c5a5fde96305d018bfc99b;
				STRAVA_REDIRECT_URI = "mangox://localhost/strava-auth";
				STRING_CATALOG_GENERATE_SYMBOLS = YES;
				SUPPORTED_PLATFORMS = "iphoneos iphonesimulator macosx xros xrsimulator";
				SWIFT_APPROACHABLE_CONCURRENCY = YES;
				SWIFT_DEFAULT_ACTOR_ISOLATION = MainActor;
				SWIFT_EMIT_LOC_STRINGS = YES;
				SWIFT_UPCOMING_FEATURE_MEMBER_IMPORT_VISIBILITY = YES;
				SWIFT_VERSION = 5.0;
				TARGETED_DEVICE_FAMILY = "1,2,7";
				XROS_DEPLOYMENT_TARGET = 26.2;
			};
			name = Release;
		};
		0003453D2F56648D004200FC /* Debug */ = {
			isa = XCBuildConfiguration;
			buildSettings = {
				BUNDLE_LOADER = "$(TEST_HOST)";
				CODE_SIGN_STYLE = Automatic;
				CURRENT_PROJECT_VERSION = 1;
				DEAD_CODE_STRIPPING = YES;
				DEVELOPMENT_TEAM = M9592FTC8J;
				EXTRACT_APP_INTENTS_METADATA = NO;
				GENERATE_INFOPLIST_FILE = YES;
				IPHONEOS_DEPLOYMENT_TARGET = 26.2;
				MACOSX_DEPLOYMENT_TARGET = 26.2;
				MARKETING_VERSION = 1.0;
				PRODUCT_BUNDLE_IDENTIFIER = abchalita.MangoxTests;
				PRODUCT_NAME = "$(TARGET_NAME)";
				SDKROOT = auto;
				STRING_CATALOG_GENERATE_SYMBOLS = NO;
				SUPPORTED_PLATFORMS = "iphoneos iphonesimulator macosx xros xrsimulator";
				SWIFT_APPROACHABLE_CONCURRENCY = YES;
				SWIFT_EMIT_LOC_STRINGS = NO;
				SWIFT_UPCOMING_FEATURE_MEMBER_IMPORT_VISIBILITY = YES;
				SWIFT_VERSION = 5.0;
				TARGETED_DEVICE_FAMILY = "1,2,7";
				TEST_HOST = "$(BUILT_PRODUCTS_DIR)/Mangox.app/$(BUNDLE_EXECUTABLE_FOLDER_PATH)/Mangox";
				XROS_DEPLOYMENT_TARGET = 26.2;
			};
			name = Debug;
		};
		0003453E2F56648D004200FC /* Release */ = {
			isa = XCBuildConfiguration;
			buildSettings = {
				BUNDLE_LOADER = "$(TEST_HOST)";
				CODE_SIGN_STYLE = Automatic;
				CURRENT_PROJECT_VERSION = 1;
				DEAD_CODE_STRIPPING = YES;
				DEVELOPMENT_TEAM = M9592FTC8J;
				EXTRACT_APP_INTENTS_METADATA = NO;
				GENERATE_INFOPLIST_FILE = YES;
				IPHONEOS_DEPLOYMENT_TARGET = 26.2;
				MACOSX_DEPLOYMENT_TARGET = 26.2;
				MARKETING_VERSION = 1.0;
				PRODUCT_BUNDLE_IDENTIFIER = abchalita.MangoxTests;
				PRODUCT_NAME = "$(TARGET_NAME)";
				SDKROOT = auto;
				STRING_CATALOG_GENERATE_SYMBOLS = NO;
				SUPPORTED_PLATFORMS = "iphoneos iphonesimulator macosx xros xrsimulator";
				SWIFT_APPROACHABLE_CONCURRENCY = YES;
				SWIFT_EMIT_LOC_STRINGS = NO;
				SWIFT_UPCOMING_FEATURE_MEMBER_IMPORT_VISIBILITY = YES;
				SWIFT_VERSION = 5.0;
				TARGETED_DEVICE_FAMILY = "1,2,7";
				TEST_HOST = "$(BUILT_PRODUCTS_DIR)/Mangox.app/$(BUNDLE_EXECUTABLE_FOLDER_PATH)/Mangox";
				XROS_DEPLOYMENT_TARGET = 26.2;
			};
			name = Release;
		};
		000345402F56648D004200FC /* Debug */ = {
			isa = XCBuildConfiguration;
			buildSettings = {
				CODE_SIGN_STYLE = Automatic;
				CURRENT_PROJECT_VERSION = 1;
				DEAD_CODE_STRIPPING = YES;
				DEVELOPMENT_TEAM = M9592FTC8J;
				EXTRACT_APP_INTENTS_METADATA = NO;
				GENERATE_INFOPLIST_FILE = YES;
				IPHONEOS_DEPLOYMENT_TARGET = 26.2;
				MACOSX_DEPLOYMENT_TARGET = 26.2;
				MARKETING_VERSION = 1.0;
				PRODUCT_BUNDLE_IDENTIFIER = abchalita.MangoxUITests;
				PRODUCT_NAME = "$(TARGET_NAME)";
				SDKROOT = auto;
				STRING_CATALOG_GENERATE_SYMBOLS = NO;
				SUPPORTED_PLATFORMS = "iphoneos iphonesimulator macosx xros xrsimulator";
				SWIFT_APPROACHABLE_CONCURRENCY = YES;
				SWIFT_EMIT_LOC_STRINGS = NO;
				SWIFT_UPCOMING_FEATURE_MEMBER_IMPORT_VISIBILITY = YES;
				SWIFT_VERSION = 5.0;
				TARGETED_DEVICE_FAMILY = "1,2,7";
				TEST_TARGET_NAME = Mangox;
				XROS_DEPLOYMENT_TARGET = 26.2;
			};
			name = Debug;
		};
		000345412F56648D004200FC /* Release */ = {
			isa = XCBuildConfiguration;
			buildSettings = {
				CODE_SIGN_STYLE = Automatic;
				CURRENT_PROJECT_VERSION = 1;
				DEAD_CODE_STRIPPING = YES;
				DEVELOPMENT_TEAM = M9592FTC8J;
				EXTRACT_APP_INTENTS_METADATA = NO;
				GENERATE_INFOPLIST_FILE = YES;
				IPHONEOS_DEPLOYMENT_TARGET = 26.2;
				MACOSX_DEPLOYMENT_TARGET = 26.2;
				MARKETING_VERSION = 1.0;
				PRODUCT_BUNDLE_IDENTIFIER = abchalita.MangoxUITests;
				PRODUCT_NAME = "$(TARGET_NAME)";
				SDKROOT = auto;
				STRING_CATALOG_GENERATE_SYMBOLS = NO;
				SUPPORTED_PLATFORMS = "iphoneos iphonesimulator macosx xros xrsimulator";
				SWIFT_APPROACHABLE_CONCURRENCY = YES;
				SWIFT_EMIT_LOC_STRINGS = NO;
				SWIFT_UPCOMING_FEATURE_MEMBER_IMPORT_VISIBILITY = YES;
				SWIFT_VERSION = 5.0;
				TARGETED_DEVICE_FAMILY = "1,2,7";
				TEST_TARGET_NAME = Mangox;
				XROS_DEPLOYMENT_TARGET = 26.2;
			};
			name = Release;
		};
		0B1A000C2F56648D004200FC /* Debug */ = {
			isa = XCBuildConfiguration;
			buildSettings = {
				CODE_SIGN_STYLE = Automatic;
				CURRENT_PROJECT_VERSION = 1;
				DEVELOPMENT_TEAM = M9592FTC8J;
				GENERATE_INFOPLIST_FILE = YES;
				INFOPLIST_FILE = MangoxLiveActivityExtension/Info.plist;
				INFOPLIST_KEY_CFBundleDisplayName = "Mangox Ride";
				IPHONEOS_DEPLOYMENT_TARGET = 26.2;
				LD_RUNPATH_SEARCH_PATHS = (
					"$(inherited)",
					"@executable_path/Frameworks",
					"@executable_path/../../Frameworks",
				);
				MARKETING_VERSION = 1.0;
				PRODUCT_BUNDLE_IDENTIFIER = abchalita.Mangox.MangoxLiveActivityExtension;
				PRODUCT_NAME = "$(TARGET_NAME)";
				SDKROOT = auto;
				SKIP_INSTALL = YES;
				SUPPORTED_PLATFORMS = "iphoneos iphonesimulator";
				SWIFT_APPROACHABLE_CONCURRENCY = YES;
				SWIFT_EMIT_LOC_STRINGS = YES;
				SWIFT_UPCOMING_FEATURE_MEMBER_IMPORT_VISIBILITY = YES;
				SWIFT_VERSION = 5.0;
				TARGETED_DEVICE_FAMILY = "1,2";
			};
			name = Debug;
		};
		0B1A000D2F56648D004200FC /* Release */ = {
			isa = XCBuildConfiguration;
			buildSettings = {
				CODE_SIGN_STYLE = Automatic;
				CURRENT_PROJECT_VERSION = 1;
				DEVELOPMENT_TEAM = M9592FTC8J;
				GENERATE_INFOPLIST_FILE = YES;
				INFOPLIST_FILE = MangoxLiveActivityExtension/Info.plist;
				INFOPLIST_KEY_CFBundleDisplayName = "Mangox Ride";
				IPHONEOS_DEPLOYMENT_TARGET = 26.2;
				LD_RUNPATH_SEARCH_PATHS = (
					"$(inherited)",
					"@executable_path/Frameworks",
					"@executable_path/../../Frameworks",
				);
				MARKETING_VERSION = 1.0;
				PRODUCT_BUNDLE_IDENTIFIER = abchalita.Mangox.MangoxLiveActivityExtension;
				PRODUCT_NAME = "$(TARGET_NAME)";
				SDKROOT = auto;
				SKIP_INSTALL = YES;
				SUPPORTED_PLATFORMS = "iphoneos iphonesimulator";
				SWIFT_APPROACHABLE_CONCURRENCY = YES;
				SWIFT_COMPILATION_MODE = wholemodule;
				SWIFT_EMIT_LOC_STRINGS = YES;
				SWIFT_UPCOMING_FEATURE_MEMBER_IMPORT_VISIBILITY = YES;
				SWIFT_VERSION = 5.0;
				TARGETED_DEVICE_FAMILY = "1,2";
			};
			name = Release;
		};
/* End XCBuildConfiguration section */

/* Begin XCConfigurationList section */
		000345112F56648C004200FC /* Build configuration list for PBXProject "Mangox" */ = {
			isa = XCConfigurationList;
			buildConfigurations = (
				000345372F56648D004200FC /* Debug */,
				000345382F56648D004200FC /* Release */,
			);
			defaultConfigurationIsVisible = 0;
			defaultConfigurationName = Release;
		};
		000345392F56648D004200FC /* Build configuration list for PBXNativeTarget "Mangox" */ = {
			isa = XCConfigurationList;
			buildConfigurations = (
				0003453A2F56648D004200FC /* Debug */,
				0003453B2F56648D004200FC /* Release */,
			);
			defaultConfigurationIsVisible = 0;
			defaultConfigurationName = Release;
		};
		0003453C2F56648D004200FC /* Build configuration list for PBXNativeTarget "MangoxTests" */ = {
			isa = XCConfigurationList;
			buildConfigurations = (
				0003453D2F56648D004200FC /* Debug */,
				0003453E2F56648D004200FC /* Release */,
			);
			defaultConfigurationIsVisible = 0;
			defaultConfigurationName = Release;
		};
		0003453F2F56648D004200FC /* Build configuration list for PBXNativeTarget "MangoxUITests" */ = {
			isa = XCConfigurationList;
			buildConfigurations = (
				000345402F56648D004200FC /* Debug */,
				000345412F56648D004200FC /* Release */,
			);
			defaultConfigurationIsVisible = 0;
			defaultConfigurationName = Release;
		};
		0B1A000E2F56648D004200FC /* Build configuration list for PBXNativeTarget "MangoxLiveActivityExtension" */ = {
			isa = XCConfigurationList;
			buildConfigurations = (
				0B1A000C2F56648D004200FC /* Debug */,
				0B1A000D2F56648D004200FC /* Release */,
			);
			defaultConfigurationIsVisible = 0;
			defaultConfigurationName = Release;
		};
/* End XCConfigurationList section */

/* Begin XCRemoteSwiftPackageReference section */
		005AA7982F7B73A70013DB45 /* XCRemoteSwiftPackageReference "purchases-ios-spm" */ = {
			isa = XCRemoteSwiftPackageReference;
			repositoryURL = "https://github.com/RevenueCat/purchases-ios-spm.git";
			requirement = {
				kind = upToNextMajorVersion;
				minimumVersion = 5.67.0;
			};
		};
		AABB00012F56648D004200FC /* XCRemoteSwiftPackageReference "FitDataProtocol" */ = {
			isa = XCRemoteSwiftPackageReference;
			repositoryURL = "https://github.com/FitnessKit/FitDataProtocol";
			requirement = {
				kind = upToNextMajorVersion;
				minimumVersion = 2.1.0;
			};
		};
/* End XCRemoteSwiftPackageReference section */

/* Begin XCSwiftPackageProductDependency section */
		005AA7992F7B73A70013DB45 /* RevenueCat */ = {
			isa = XCSwiftPackageProductDependency;
			package = 005AA7982F7B73A70013DB45 /* XCRemoteSwiftPackageReference "purchases-ios-spm" */;
			productName = RevenueCat;
		};
		005AA79B2F7B73A70013DB45 /* RevenueCatUI */ = {
			isa = XCSwiftPackageProductDependency;
			package = 005AA7982F7B73A70013DB45 /* XCRemoteSwiftPackageReference "purchases-ios-spm" */;
			productName = RevenueCatUI;
		};
		AABB00022F56648D004200FC /* FitDataProtocol */ = {
			isa = XCSwiftPackageProductDependency;
			package = AABB00012F56648D004200FC /* XCRemoteSwiftPackageReference "FitDataProtocol" */;
			productName = FitDataProtocol;
		};
/* End XCSwiftPackageProductDependency section */
	};
	rootObject = 0003450E2F56648C004200FC /* Project object */;
}
