{
  "originHash" : "e37de41df0c09b12f3665738cdaf3d994f864bf9ddfeb26cd8bb214b4785baa3",
  "pins" : [
    {
      "identity" : "antmessageprotocol",
      "kind" : "remoteSourceControl",
      "location" : "https://github.com/FitnessKit/AntMessageProtocol",
      "state" : {
        "revision" : "f0350ce0eea3057af8a34b85c0fda25c2052b094",
        "version" : "1.1.1"
      }
    },
    {
      "identity" : "datadecoder",
      "kind" : "remoteSourceControl",
      "location" : "https://github.com/FitnessKit/DataDecoder",
      "state" : {
        "revision" : "8ca8aefc505833d3ca67e6070169472a7103594e",
        "version" : "5.0.0"
      }
    },
    {
      "identity" : "fitdataprotocol",
      "kind" : "remoteSourceControl",
      "location" : "https://github.com/FitnessKit/FitDataProtocol",
      "state" : {
        "revision" : "b93ef5ea736d32ec0ab16d4eea5b09972887cd8e",
        "version" : "2.1.6"
      }
    },
    {
      "identity" : "fitnessunits",
      "kind" : "remoteSourceControl",
      "location" : "https://github.com/FitnessKit/FitnessUnits",
      "state" : {
        "revision" : "12af59a7025decf46b7e0a4bb7b1eb480b1c9e5c",
        "version" : "3.1.0"
      }
    },
    {
      "identity" : "supabase-swift",
      "kind" : "remoteSourceControl",
      "location" : "https://github.com/supabase/supabase-swift",
      "state" : {
        "revision" : "dd29b624b9ceea87612d0b00457e1400f7d22c2e",
        "version" : "2.46.0"
      }
    },
    {
      "identity" : "swift-asn1",
      "kind" : "remoteSourceControl",
      "location" : "https://github.com/apple/swift-asn1.git",
      "state" : {
        "revision" : "eb50cbd14606a9161cbc5d452f18797c90ef0bab",
        "version" : "1.7.0"
      }
    },
    {
      "identity" : "swift-clocks",
      "kind" : "remoteSourceControl",
      "location" : "https://github.com/pointfreeco/swift-clocks",
      "state" : {
        "revision" : "cc46202b53476d64e824e0b6612da09d84ffde8e",
        "version" : "1.0.6"
      }
    },
    {
      "identity" : "swift-concurrency-extras",
      "kind" : "remoteSourceControl",
      "location" : "https://github.com/pointfreeco/swift-concurrency-extras",
      "state" : {
        "revision" : "5a3825302b1a0d744183200915a47b508c828e6f",
        "version" : "1.3.2"
      }
    },
    {
      "identity" : "swift-crypto",
      "kind" : "remoteSourceControl",
      "location" : "https://github.com/apple/swift-crypto.git",
      "state" : {
        "revision" : "1b6b2e274e85105bfa155183145a1dcfd63331f1",
        "version" : "4.5.0"
      }
    },
    {
      "identity" : "swift-http-types",
      "kind" : "remoteSourceControl",
      "location" : "https://github.com/apple/swift-http-types.git",
      "state" : {
        "revision" : "45eb0224913ea070ec4fba17291b9e7ecf4749ca",
        "version" : "1.5.1"
      }
    },
    {
      "identity" : "xctest-dynamic-overlay",
      "kind" : "remoteSourceControl",
      "location" : "https://github.com/pointfreeco/xctest-dynamic-overlay",
      "state" : {
        "revision" : "dfd70507def84cb5fb821278448a262c6ff2bbad",
        "version" : "1.9.0"
      }
    }
  ],
  "version" : 3
}
